
Microsoft Visual Studio Solution File, Format Version 12.00
# Visual Studio 14
VisualStudioVersion = 14.0.25420.1
MinimumVisualStudioVersion = 10.0.40219.1
Project("{FAE04EC0-301F-11D3-BF4B-00C04F79EFBC}") = "TaskManagementApp", "TaskManagementApp\TaskManagementApp.csproj", "{049B3E92-3225-4F77-810F-52E9595FD371}"
EndProject
Project("{FAE04EC0-301F-11D3-BF4B-00C04F79EFBC}") = "TaskManagementApp.Models", "TaskManagementApp.Models\TaskManagementApp.Models.csproj", "{C6F6DC94-F847-42AA-A15D-C930817277C6}"
EndProject
Project("{FAE04EC0-301F-11D3-BF4B-00C04F79EFBC}") = "TaskManagementApp.Repository.cs", "TaskManagementApp.Repository.cs\TaskManagementApp.Repository.cs.csproj", "{5EBDC4FB-380B-4A72-9E70-E9208E4B865A}"
EndProject
Project("{FAE04EC0-301F-11D3-BF4B-00C04F79EFBC}") = "TaskManagementApp.Service", "TaskManagementApp.Service\TaskManagementApp.Service.csproj", "{CDDB4529-5FB1-48EF-9933-378299549A01}"
EndProject
Global
	GlobalSection(SolutionConfigurationPlatforms) = preSolution
		Debug|Any CPU = Debug|Any CPU
		Release|Any CPU = Release|Any CPU
	EndGlobalSection
	GlobalSection(ProjectConfigurationPlatforms) = postSolution
		{049B3E92-3225-4F77-810F-52E9595FD371}.Debug|Any CPU.ActiveCfg = Debug|Any CPU
		{049B3E92-3225-4F77-810F-52E9595FD371}.Debug|Any CPU.Build.0 = Debug|Any CPU
		{049B3E92-3225-4F77-810F-52E9595FD371}.Release|Any CPU.ActiveCfg = Release|Any CPU
		{049B3E92-3225-4F77-810F-52E9595FD371}.Release|Any CPU.Build.0 = Release|Any CPU
		{C6F6DC94-F847-42AA-A15D-C930817277C6}.Debug|Any CPU.ActiveCfg = Debug|Any CPU
		{C6F6DC94-F847-42AA-A15D-C930817277C6}.Debug|Any CPU.Build.0 = Debug|Any CPU
		{C6F6DC94-F847-42AA-A15D-C930817277C6}.Release|Any CPU.ActiveCfg = Release|Any CPU
		{C6F6DC94-F847-42AA-A15D-C930817277C6}.Release|Any CPU.Build.0 = Release|Any CPU
		{5EBDC4FB-380B-4A72-9E70-E9208E4B865A}.Debug|Any CPU.ActiveCfg = Debug|Any CPU
		{5EBDC4FB-380B-4A72-9E70-E9208E4B865A}.Debug|Any CPU.Build.0 = Debug|Any CPU
		{5EBDC4FB-380B-4A72-9E70-E9208E4B865A}.Release|Any CPU.ActiveCfg = Release|Any CPU
		{5EBDC4FB-380B-4A72-9E70-E9208E4B865A}.Release|Any CPU.Build.0 = Release|Any CPU
		{CDDB4529-5FB1-48EF-9933-378299549A01}.Debug|Any CPU.ActiveCfg = Debug|Any CPU
		{CDDB4529-5FB1-48EF-9933-378299549A01}.Debug|Any CPU.Build.0 = Debug|Any CPU
		{CDDB4529-5FB1-48EF-9933-378299549A01}.Release|Any CPU.ActiveCfg = Release|Any CPU
		{CDDB4529-5FB1-48EF-9933-378299549A01}.Release|Any CPU.Build.0 = Release|Any CPU
	EndGlobalSection
	GlobalSection(SolutionProperties) = preSolution
		HideSolutionNode = FALSE
	EndGlobalSection
EndGlobal
